// !$*UTF8*$!
{
	archiveVersion = 1;
	classes = {
	};
	objectVersion = 50;
	objects = {

/* Begin PBXBuildFile section */
		2201A6BF2621116400DC5370 /* RecipeTabView.swift in Sources */ = {isa = PBXBuildFile; fileRef = 2201A6BE2621116400DC5370 /* RecipeTabView.swift */; };
		2201A6C326290D6A00DC5370 /* RecipeFeaturedView.swift in Sources */ = {isa = PBXBuildFile; fileRef = 2201A6C226290D6A00DC5370 /* RecipeFeaturedView.swift */; };
		22F16C9D261BD654009CA228 /* recipe_list_app.swift in Sources */ = {isa = PBXBuildFile; fileRef = 22F16C9C261BD654009CA228 /* recipe_list_app.swift */; };
		22F16C9F261BD654009CA228 /* RecipeListView.swift in Sources */ = {isa = PBXBuildFile; fileRef = 22F16C9E261BD654009CA228 /* RecipeListView.swift */; };
		22F16CA1261BD65F009CA228 /* Assets.xcassets in Resources */ = {isa = PBXBuildFile; fileRef = 22F16CA0261BD65F009CA228 /* Assets.xcassets */; };
		22F16CA4261BD65F009CA228 /* Preview Assets.xcassets in Resources */ = {isa = PBXBuildFile; fileRef = 22F16CA3261BD65F009CA228 /* Preview Assets.xcassets */; };
		22F16CB3261D2050009CA228 /* recipes.json in Resources */ = {isa = PBXBuildFile; fileRef = 22F16CB2261D2050009CA228 /* recipes.json */; };
		22F16CB6261D20C6009CA228 /* Recipe.swift in Sources */ = {isa = PBXBuildFile; fileRef = 22F16CB5261D20C6009CA228 /* Recipe.swift */; };
		22F16CBA261D2232009CA228 /* RecipeModel.swift in Sources */ = {isa = PBXBuildFile; fileRef = 22F16CB9261D2232009CA228 /* RecipeModel.swift */; };
		22F16CC0261D23CD009CA228 /* DataService.swift in Sources */ = {isa = PBXBuildFile; fileRef = 22F16CBF261D23CD009CA228 /* DataService.swift */; };
		22F16CC3261E6A0B009CA228 /* RecipeDetailView.swift in Sources */ = {isa = PBXBuildFile; fileRef = 22F16CC2261E6A0A009CA228 /* RecipeDetailView.swift */; };
/* End PBXBuildFile section */

/* Begin PBXFileReference section */
		2201A6BE2621116400DC5370 /* RecipeTabView.swift */ = {isa = PBXFileReference; lastKnownFileType = sourcecode.swift; path = RecipeTabView.swift; sourceTree = "<group>"; };
		2201A6C226290D6A00DC5370 /* RecipeFeaturedView.swift */ = {isa = PBXFileReference; lastKnownFileType = sourcecode.swift; path = RecipeFeaturedView.swift; sourceTree = "<group>"; };
		22F16C99261BD654009CA228 /* recipe list app.app */ = {isa = PBXFileReference; explicitFileType = wrapper.application; includeInIndex = 0; path = "recipe list app.app"; sourceTree = BUILT_PRODUCTS_DIR; };
		22F16C9C261BD654009CA228 /* recipe_list_app.swift */ = {isa = PBXFileReference; lastKnownFileType = sourcecode.swift; path = recipe_list_app.swift; sourceTree = "<group>"; };
		22F16C9E261BD654009CA228 /* RecipeListView.swift */ = {isa = PBXFileReference; lastKnownFileType = sourcecode.swift; path = RecipeListView.swift; sourceTree = "<group>"; };
		22F16CA0261BD65F009CA228 /* Assets.xcassets */ = {isa = PBXFileReference; lastKnownFileType = folder.assetcatalog; path = Assets.xcassets; sourceTree = "<group>"; };
		22F16CA3261BD65F009CA228 /* Preview Assets.xcassets */ = {isa = PBXFileReference; lastKnownFileType = folder.assetcatalog; path = "Preview Assets.xcassets"; sourceTree = "<group>"; };
		22F16CA5261BD65F009CA228 /* Info.plist */ = {isa = PBXFileReference; lastKnownFileType = text.plist.xml; path = Info.plist; sourceTree = "<group>"; };
		22F16CB2261D2050009CA228 /* recipes.json */ = {isa = PBXFileReference; fileEncoding = 4; lastKnownFileType = text.json; path = recipes.json; sourceTree = "<group>"; };
		22F16CB5261D20C6009CA228 /* Recipe.swift */ = {isa = PBXFileReference; lastKnownFileType = sourcecode.swift; path = Recipe.swift; sourceTree = "<group>"; };
		22F16CB9261D2232009CA228 /* RecipeModel.swift */ = {isa = PBXFileReference; lastKnownFileType = sourcecode.swift; path = RecipeModel.swift; sourceTree = "<group>"; };
		22F16CBF261D23CD009CA228 /* DataService.swift */ = {isa = PBXFileReference; lastKnownFileType = sourcecode.swift; path = DataService.swift; sourceTree = "<group>"; };
		22F16CC2261E6A0A009CA228 /* RecipeDetailView.swift */ = {isa = PBXFileReference; lastKnownFileType = sourcecode.swift; path = RecipeDetailView.swift; sourceTree = "<group>"; };
/* End PBXFileReference section */

/* Begin PBXFrameworksBuildPhase section */
		22F16C96261BD654009CA228 /* Frameworks */ = {
			isa = PBXFrameworksBuildPhase;
			buildActionMask = 2147483647;
			files = (
			);
			runOnlyForDeploymentPostprocessing = 0;
		};
/* End PBXFrameworksBuildPhase section */

/* Begin PBXGroup section */
		22F16C90261BD654009CA228 = {
			isa = PBXGroup;
			children = (
				22F16C9B261BD654009CA228 /* recipe list app */,
				22F16C9A261BD654009CA228 /* Products */,
			);
			sourceTree = "<group>";
		};
		22F16C9A261BD654009CA228 /* Products */ = {
			isa = PBXGroup;
			children = (
				22F16C99261BD654009CA228 /* recipe list app.app */,
			);
			name = Products;
			sourceTree = "<group>";
		};
		22F16C9B261BD654009CA228 /* recipe list app */ = {
			isa = PBXGroup;
			children = (
				22F16CAD261D1D8A009CA228 /* Views */,
				22F16CAE261D1E25009CA228 /* ViewModels */,
				22F16CAF261D1E31009CA228 /* Models */,
				22F16CB0261D1E38009CA228 /* Services */,
				22F16CB1261D1E4A009CA228 /* Data */,
				22F16C9C261BD654009CA228 /* recipe_list_app.swift */,
				22F16CA0261BD65F009CA228 /* Assets.xcassets */,
				22F16CA5261BD65F009CA228 /* Info.plist */,
				22F16CA2261BD65F009CA228 /* Preview Content */,
			);
			path = "recipe list app";
			sourceTree = "<group>";
		};
		22F16CA2261BD65F009CA228 /* Preview Content */ = {
			isa = PBXGroup;
			children = (
				22F16CA3261BD65F009CA228 /* Preview Assets.xcassets */,
			);
			path = "Preview Content";
			sourceTree = "<group>";
		};
		22F16CAD261D1D8A009CA228 /* Views */ = {
			isa = PBXGroup;
			children = (
				2201A6BE2621116400DC5370 /* RecipeTabView.swift */,
				2201A6C226290D6A00DC5370 /* RecipeFeaturedView.swift */,
				22F16C9E261BD654009CA228 /* RecipeListView.swift */,
				22F16CC2261E6A0A009CA228 /* RecipeDetailView.swift */,
			);
			path = Views;
			sourceTree = "<group>";
		};
		22F16CAE261D1E25009CA228 /* ViewModels */ = {
			isa = PBXGroup;
			children = (
				22F16CB9261D2232009CA228 /* RecipeModel.swift */,
			);
			path = ViewModels;
			sourceTree = "<group>";
		};
		22F16CAF261D1E31009CA228 /* Models */ = {
			isa = PBXGroup;
			children = (
				22F16CB5261D20C6009CA228 /* Recipe.swift */,
			);
			path = Models;
			sourceTree = "<group>";
		};
		22F16CB0261D1E38009CA228 /* Services */ = {
			isa = PBXGroup;
			children = (
				22F16CBF261D23CD009CA228 /* DataService.swift */,
			);
			path = Services;
			sourceTree = "<group>";
		};
		22F16CB1261D1E4A009CA228 /* Data */ = {
			isa = PBXGroup;
			children = (
				22F16CB2261D2050009CA228 /* recipes.json */,
			);
			path = Data;
			sourceTree = "<group>";
		};
/* End PBXGroup section */

/* Begin PBXNativeTarget section */
		22F16C98261BD654009CA228 /* recipe list app */ = {
			isa = PBXNativeTarget;
			buildConfigurationList = 22F16CA8261BD65F009CA228 /* Build configuration list for PBXNativeTarget "recipe list app" */;
			buildPhases = (
				22F16C95261BD654009CA228 /* Sources */,
				22F16C96261BD654009CA228 /* Frameworks */,
				22F16C97261BD654009CA228 /* Resources */,
			);
			buildRules = (
			);
			dependencies = (
			);
			name = "recipe list app";
			productName = "recipe list app";
			productReference = 22F16C99261BD654009CA228 /* recipe list app.app */;
			productType = "com.apple.product-type.application";
		};
/* End PBXNativeTarget section */

/* Begin PBXProject section */
		22F16C91261BD654009CA228 /* Project object */ = {
			isa = PBXProject;
			attributes = {
				LastSwiftUpdateCheck = 1240;
				LastUpgradeCheck = 1240;
				TargetAttributes = {
					22F16C98261BD654009CA228 = {
						CreatedOnToolsVersion = 12.4;
					};
				};
			};
			buildConfigurationList = 22F16C94261BD654009CA228 /* Build configuration list for PBXProject "recipe list app" */;
			compatibilityVersion = "Xcode 9.3";
			developmentRegion = en;
			hasScannedForEncodings = 0;
			knownRegions = (
				en,
				Base,
			);
			mainGroup = 22F16C90261BD654009CA228;
			productRefGroup = 22F16C9A261BD654009CA228 /* Products */;
			projectDirPath = "";
			projectRoot = "";
			targets = (
				22F16C98261BD654009CA228 /* recipe list app */,
			);
		};
/* End PBXProject section */

/* Begin PBXResourcesBuildPhase section */
		22F16C97261BD654009CA228 /* Resources */ = {
			isa = PBXResourcesBuildPhase;
			buildActionMask = 2147483647;
			files = (
				22F16CA4261BD65F009CA228 /* Preview Assets.xcassets in Resources */,
				22F16CB3261D2050009CA228 /* recipes.json in Resources */,
				22F16CA1261BD65F009CA228 /* Assets.xcassets in Resources */,
			);
			runOnlyForDeploymentPostprocessing = 0;
		};
/* End PBXResourcesBuildPhase section */

/* Begin PBXSourcesBuildPhase section */
		22F16C95261BD654009CA228 /* Sources */ = {
			isa = PBXSourcesBuildPhase;
			buildActionMask = 2147483647;
			files = (
				22F16CB6261D20C6009CA228 /* Recipe.swift in Sources */,
				22F16CC3261E6A0B009CA228 /* RecipeDetailView.swift in Sources */,
				22F16CBA261D2232009CA228 /* RecipeModel.swift in Sources */,
				22F16C9F261BD654009CA228 /* RecipeListView.swift in Sources */,
				22F16C9D261BD654009CA228 /* recipe_list_app.swift in Sources */,
				22F16CC0261D23CD009CA228 /* DataService.swift in Sources */,
				2201A6C326290D6A00DC5370 /* RecipeFeaturedView.swift in Sources */,
				2201A6BF2621116400DC5370 /* RecipeTabView.swift in Sources */,
			);
			runOnlyForDeploymentPostprocessing = 0;
		};
/* End PBXSourcesBuildPhase section */

/* Begin XCBuildConfiguration section */
		22F16CA6261BD65F009CA228 /* Debug */ = {
			isa = XCBuildConfiguration;
			buildSettings = {
				ALWAYS_SEARCH_USER_PATHS = NO;
				CLANG_ANALYZER_NONNULL = YES;
				CLANG_ANALYZER_NUMBER_OBJECT_CONVERSION = YES_AGGRESSIVE;
				CLANG_CXX_LANGUAGE_STANDARD = "gnu++14";
				CLANG_CXX_LIBRARY = "libc++";
				CLANG_ENABLE_MODULES = YES;
				CLANG_ENABLE_OBJC_ARC = YES;
				CLANG_ENABLE_OBJC_WEAK = YES;
				CLANG_WARN_BLOCK_CAPTURE_AUTORELEASING = YES;
				CLANG_WARN_BOOL_CONVERSION = YES;
				CLANG_WARN_COMMA = YES;
				CLANG_WARN_CONSTANT_CONVERSION = YES;
				CLANG_WARN_DEPRECATED_OBJC_IMPLEMENTATIONS = YES;
				CLANG_WARN_DIRECT_OBJC_ISA_USAGE = YES_ERROR;
				CLANG_WARN_DOCUMENTATION_COMMENTS = YES;
				CLANG_WARN_EMPTY_BODY = YES;
				CLANG_WARN_ENUM_CONVERSION = YES;
				CLANG_WARN_INFINITE_RECURSION = YES;
				CLANG_WARN_INT_CONVERSION = YES;
				CLANG_WARN_NON_LITERAL_NULL_CONVERSION = YES;
				CLANG_WARN_OBJC_IMPLICIT_RETAIN_SELF = YES;
				CLANG_WARN_OBJC_LITERAL_CONVERSION = YES;
				CLANG_WARN_OBJC_ROOT_CLASS = YES_ERROR;
				CLANG_WARN_QUOTED_INCLUDE_IN_FRAMEWORK_HEADER = YES;
				CLANG_WARN_RANGE_LOOP_ANALYSIS = YES;
				CLANG_WARN_STRICT_PROTOTYPES = YES;
				CLANG_WARN_SUSPICIOUS_MOVE = YES;
				CLANG_WARN_UNGUARDED_AVAILABILITY = YES_AGGRESSIVE;
				CLANG_WARN_UNREACHABLE_CODE = YES;
				CLANG_WARN__DUPLICATE_METHOD_MATCH = YES;
				COPY_PHASE_STRIP = NO;
				DEBUG_INFORMATION_FORMAT = dwarf;
				ENABLE_STRICT_OBJC_MSGSEND = YES;
				ENABLE_TESTABILITY = YES;
				GCC_C_LANGUAGE_STANDARD = gnu11;
				GCC_DYNAMIC_NO_PIC = NO;
				GCC_NO_COMMON_BLOCKS = YES;
				GCC_OPTIMIZATION_LEVEL = 0;
				GCC_PREPROCESSOR_DEFINITIONS = (
					"DEBUG=1",
					"$(inherited)",
				);
				GCC_WARN_64_TO_32_BIT_CONVERSION = YES;
				GCC_WARN_ABOUT_RETURN_TYPE = YES_ERROR;
				GCC_WARN_UNDECLARED_SELECTOR = YES;
				GCC_WARN_UNINITIALIZED_AUTOS = YES_AGGRESSIVE;
				GCC_WARN_UNUSED_FUNCTION = YES;
				GCC_WARN_UNUSED_VARIABLE = YES;
				IPHONEOS_DEPLOYMENT_TARGET = 14.4;
				MTL_ENABLE_DEBUG_INFO = INCLUDE_SOURCE;
				MTL_FAST_MATH = YES;
				ONLY_ACTIVE_ARCH = YES;
				SDKROOT = iphoneos;
				SWIFT_ACTIVE_COMPILATION_CONDITIONS = DEBUG;
				SWIFT_OPTIMIZATION_LEVEL = "-Onone";
			};
			name = Debug;
		};
		22F16CA7261BD65F009CA228 /* Release */ = {
			isa = XCBuildConfiguration;
			buildSettings = {
				ALWAYS_SEARCH_USER_PATHS = NO;
				CLANG_ANALYZER_NONNULL = YES;
				CLANG_ANALYZER_NUMBER_OBJECT_CONVERSION = YES_AGGRESSIVE;
				CLANG_CXX_LANGUAGE_STANDARD = "gnu++14";
				CLANG_CXX_LIBRARY = "libc++";
				CLANG_ENABLE_MODULES = YES;
				CLANG_ENABLE_OBJC_ARC = YES;
				CLANG_ENABLE_OBJC_WEAK = YES;
				CLANG_WARN_BLOCK_CAPTURE_AUTORELEASING = YES;
				CLANG_WARN_BOOL_CONVERSION = YES;
				CLANG_WARN_COMMA = YES;
				CLANG_WARN_CONSTANT_CONVERSION = YES;
				CLANG_WARN_DEPRECATED_OBJC_IMPLEMENTATIONS = YES;
				CLANG_WARN_DIRECT_OBJC_ISA_USAGE = YES_ERROR;
				CLANG_WARN_DOCUMENTATION_COMMENTS = YES;
				CLANG_WARN_EMPTY_BODY = YES;
				CLANG_WARN_ENUM_CONVERSION = YES;
				CLANG_WARN_INFINITE_RECURSION = YES;
				CLANG_WARN_INT_CONVERSION = YES;
				CLANG_WARN_NON_LITERAL_NULL_CONVERSION = YES;
				CLANG_WARN_OBJC_IMPLICIT_RETAIN_SELF = YES;
				CLANG_WARN_OBJC_LITERAL_CONVERSION = YES;
				CLANG_WARN_OBJC_ROOT_CLASS = YES_ERROR;
				CLANG_WARN_QUOTED_INCLUDE_IN_FRAMEWORK_HEADER = YES;
				CLANG_WARN_RANGE_LOOP_ANALYSIS = YES;
				CLANG_WARN_STRICT_PROTOTYPES = YES;
				CLANG_WARN_SUSPICIOUS_MOVE = YES;
				CLANG_WARN_UNGUARDED_AVAILABILITY = YES_AGGRESSIVE;
				CLANG_WARN_UNREACHABLE_CODE = YES;
				CLANG_WARN__DUPLICATE_METHOD_MATCH = YES;
				COPY_PHASE_STRIP = NO;
				DEBUG_INFORMATION_FORMAT = "dwarf-with-dsym";
				ENABLE_NS_ASSERTIONS = NO;
				ENABLE_STRICT_OBJC_MSGSEND = YES;
				GCC_C_LANGUAGE_STANDARD = gnu11;
				GCC_NO_COMMON_BLOCKS = YES;
				GCC_WARN_64_TO_32_BIT_CONVERSION = YES;
				GCC_WARN_ABOUT_RETURN_TYPE = YES_ERROR;
				GCC_WARN_UNDECLARED_SELECTOR = YES;
				GCC_WARN_UNINITIALIZED_AUTOS = YES_AGGRESSIVE;
				GCC_WARN_UNUSED_FUNCTION = YES;
				GCC_WARN_UNUSED_VARIABLE = YES;
				IPHONEOS_DEPLOYMENT_TARGET = 14.4;
				MTL_ENABLE_DEBUG_INFO = NO;
				MTL_FAST_MATH = YES;
				SDKROOT = iphoneos;
				SWIFT_COMPILATION_MODE = wholemodule;
				SWIFT_OPTIMIZATION_LEVEL = "-O";
				VALIDATE_PRODUCT = YES;
			};
			name = Release;
		};
		22F16CA9261BD65F009CA228 /* Debug */ = {
			isa = XCBuildConfiguration;
			buildSettings = {
				ASSETCATALOG_COMPILER_APPICON_NAME = AppIcon;
				ASSETCATALOG_COMPILER_GLOBAL_ACCENT_COLOR_NAME = AccentColor;
				CODE_SIGN_STYLE = Automatic;
				DEVELOPMENT_ASSET_PATHS = "\"recipe list app/Preview Content\"";
				DEVELOPMENT_TEAM = 2FXS466XS7;
				ENABLE_PREVIEWS = YES;
				INFOPLIST_FILE = "recipe list app/Info.plist";
				IPHONEOS_DEPLOYMENT_TARGET = 14.0;
				LD_RUNPATH_SEARCH_PATHS = (
					"$(inherited)",
					"@executable_path/Frameworks",
				);
				PRODUCT_BUNDLE_IDENTIFIER = "com.salmankhan.recipe-list-app";
				PRODUCT_NAME = "$(TARGET_NAME)";
				SWIFT_VERSION = 5.0;
				TARGETED_DEVICE_FAMILY = "1,2";
			};
			name = Debug;
		};
		22F16CAA261BD65F009CA228 /* Release */ = {
			isa = XCBuildConfiguration;
			buildSettings = {
				ASSETCATALOG_COMPILER_APPICON_NAME = AppIcon;
				ASSETCATALOG_COMPILER_GLOBAL_ACCENT_COLOR_NAME = AccentColor;
				CODE_SIGN_STYLE = Automatic;
				DEVELOPMENT_ASSET_PATHS = "\"recipe list app/Preview Content\"";
				DEVELOPMENT_TEAM = 2FXS466XS7;
				ENABLE_PREVIEWS = YES;
				INFOPLIST_FILE = "recipe list app/Info.plist";
				IPHONEOS_DEPLOYMENT_TARGET = 14.0;
				LD_RUNPATH_SEARCH_PATHS = (
					"$(inherited)",
					"@executable_path/Frameworks",
				);
				PRODUCT_BUNDLE_IDENTIFIER = "com.salmankhan.recipe-list-app";
				PRODUCT_NAME = "$(TARGET_NAME)";
				SWIFT_VERSION = 5.0;
				TARGETED_DEVICE_FAMILY = "1,2";
			};
			name = Release;
		};
/* End XCBuildConfiguration section */

/* Begin XCConfigurationList section */
		22F16C94261BD654009CA228 /* Build configuration list for PBXProject "recipe list app" */ = {
			isa = XCConfigurationList;
			buildConfigurations = (
				22F16CA6261BD65F009CA228 /* Debug */,
				22F16CA7261BD65F009CA228 /* Release */,
			);
			defaultConfigurationIsVisible = 0;
			defaultConfigurationName = Release;
		};
		22F16CA8261BD65F009CA228 /* Build configuration list for PBXNativeTarget "recipe list app" */ = {
			isa = XCConfigurationList;
			buildConfigurations = (
				22F16CA9261BD65F009CA228 /* Debug */,
				22F16CAA261BD65F009CA228 /* Release */,
			);
			defaultConfigurationIsVisible = 0;
			defaultConfigurationName = Release;
		};
/* End XCConfigurationList section */
	};
	rootObject = 22F16C91261BD654009CA228 /* Project object */;
}
